
Microsoft Visual Studio Solution File, Format Version 12.00
# Visual Studio Version 17
VisualStudioVersion = 17.9.34701.34
MinimumVisualStudioVersion = 10.0.40219.1
Project("{2150E333-8FDC-42A3-9474-1A3956D46DE8}") = "Project", "Project", "{603FA96B-AE64-4A05-868A-FE6407DFCECB}"
EndProject
Project("{2150E333-8FDC-42A3-9474-1A3956D46DE8}") = "test", "test", "{A8D4AF84-0CDF-48BF-9094-7C8C929CDF17}"
EndProject
Project("{9A19103F-16F7-4668-BE54-9A1E7A4F7556}") = "IntrManApp.Shared", "IntrManApp.Domain\IntrManApp.Shared.csproj", "{6E76F026-1310-4FF4-8974-E23C11C04942}"
EndProject
Project("{9A19103F-16F7-4668-BE54-9A1E7A4F7556}") = "IntrManApp.UI", "IntrManApp.UI\IntrManApp.UI.csproj", "{944CD207-31F4-4A41-8F93-CE7091A2AE48}"
EndProject
Project("{9A19103F-16F7-4668-BE54-9A1E7A4F7556}") = "IntrManApp.Api", "IntrManApp.Api\IntrManApp.Api.csproj", "{EAFE9776-0129-410E-A9EF-4051BC732EE7}"
EndProject
Project("{2150E333-8FDC-42A3-9474-1A3956D46DE8}") = "DB", "DB", "{CDF26B06-E8BF-42E2-A92A-34BA95E94807}"
	ProjectSection(SolutionItems) = preProject
		..\DB\InitialDBCoreDBSchema.sql = ..\DB\InitialDBCoreDBSchema.sql
		..\DB\RecreateDBMajorUpdates.sql = ..\DB\RecreateDBMajorUpdates.sql
	EndProjectSection
EndProject
Project("{2150E333-8FDC-42A3-9474-1A3956D46DE8}") = "src", "src", "{B3349998-3D7F-4F34-AF68-41E945B17220}"
EndProject
Project("{2150E333-8FDC-42A3-9474-1A3956D46DE8}") = "Ref", "Ref", "{21A7BAD3-0EF3-4FEA-B2AA-FD8EBF63617C}"
	ProjectSection(SolutionItems) = preProject
		..\Docs\Application Feature Requirement.docx = ..\Docs\Application Feature Requirement.docx
		Latest feature requiremen.txt = Latest feature requiremen.txt
	EndProjectSection
EndProject
Global
	GlobalSection(SolutionConfigurationPlatforms) = preSolution
		Debug|Any CPU = Debug|Any CPU
		Release|Any CPU = Release|Any CPU
	EndGlobalSection
	GlobalSection(ProjectConfigurationPlatforms) = postSolution
		{6E76F026-1310-4FF4-8974-E23C11C04942}.Debug|Any CPU.ActiveCfg = Debug|Any CPU
		{6E76F026-1310-4FF4-8974-E23C11C04942}.Debug|Any CPU.Build.0 = Debug|Any CPU
		{6E76F026-1310-4FF4-8974-E23C11C04942}.Release|Any CPU.ActiveCfg = Release|Any CPU
		{6E76F026-1310-4FF4-8974-E23C11C04942}.Release|Any CPU.Build.0 = Release|Any CPU
		{944CD207-31F4-4A41-8F93-CE7091A2AE48}.Debug|Any CPU.ActiveCfg = Debug|Any CPU
		{944CD207-31F4-4A41-8F93-CE7091A2AE48}.Debug|Any CPU.Build.0 = Debug|Any CPU
		{944CD207-31F4-4A41-8F93-CE7091A2AE48}.Debug|Any CPU.Deploy.0 = Debug|Any CPU
		{944CD207-31F4-4A41-8F93-CE7091A2AE48}.Release|Any CPU.ActiveCfg = Release|Any CPU
		{944CD207-31F4-4A41-8F93-CE7091A2AE48}.Release|Any CPU.Build.0 = Release|Any CPU
		{944CD207-31F4-4A41-8F93-CE7091A2AE48}.Release|Any CPU.Deploy.0 = Release|Any CPU
		{EAFE9776-0129-410E-A9EF-4051BC732EE7}.Debug|Any CPU.ActiveCfg = Debug|Any CPU
		{EAFE9776-0129-410E-A9EF-4051BC732EE7}.Debug|Any CPU.Build.0 = Debug|Any CPU
		{EAFE9776-0129-410E-A9EF-4051BC732EE7}.Release|Any CPU.ActiveCfg = Release|Any CPU
		{EAFE9776-0129-410E-A9EF-4051BC732EE7}.Release|Any CPU.Build.0 = Release|Any CPU
	EndGlobalSection
	GlobalSection(SolutionProperties) = preSolution
		HideSolutionNode = FALSE
	EndGlobalSection
	GlobalSection(NestedProjects) = preSolution
		{A8D4AF84-0CDF-48BF-9094-7C8C929CDF17} = {603FA96B-AE64-4A05-868A-FE6407DFCECB}
		{6E76F026-1310-4FF4-8974-E23C11C04942} = {B3349998-3D7F-4F34-AF68-41E945B17220}
		{944CD207-31F4-4A41-8F93-CE7091A2AE48} = {B3349998-3D7F-4F34-AF68-41E945B17220}
		{EAFE9776-0129-410E-A9EF-4051BC732EE7} = {B3349998-3D7F-4F34-AF68-41E945B17220}
		{CDF26B06-E8BF-42E2-A92A-34BA95E94807} = {603FA96B-AE64-4A05-868A-FE6407DFCECB}
		{B3349998-3D7F-4F34-AF68-41E945B17220} = {603FA96B-AE64-4A05-868A-FE6407DFCECB}
		{21A7BAD3-0EF3-4FEA-B2AA-FD8EBF63617C} = {603FA96B-AE64-4A05-868A-FE6407DFCECB}
	EndGlobalSection
	GlobalSection(ExtensibilityGlobals) = postSolution
		SolutionGuid = {CE7CD8E8-2982-4F24-AFFC-06594A7B32B7}
	EndGlobalSection
EndGlobal
