
Microsoft Visual Studio Solution File, Format Version 12.00
# Visual Studio Version 17
VisualStudioVersion = 17.9.34701.34
MinimumVisualStudioVersion = 10.0.40219.1
Project("{9A19103F-16F7-4668-BE54-9A1E7A4F7556}") = "IntrManApp.Api", "IntrManApp.Api\IntrManApp.Api.csproj", "{EAFE9776-0129-410E-A9EF-4051BC732EE7}"
EndProject
Project("{2150E333-8FDC-42A3-9474-1A3956D46DE8}") = "src", "src", "{B3349998-3D7F-4F34-AF68-41E945B17220}"
EndProject
Project("{9A19103F-16F7-4668-BE54-9A1E7A4F7556}") = "IntrManApp.Shared", "IntrManApp.Shared\IntrManApp.Shared.csproj", "{23BD8580-599E-4E99-B232-84D83C37CC9A}"
EndProject
Project("{9A19103F-16F7-4668-BE54-9A1E7A4F7556}") = "IntrManHybridApp.UI", "IntrManHybridApp.UI\IntrManHybridApp.UI.csproj", "{6332FF94-FF99-45FE-95C0-E6EC1D0C539B}"
EndProject
Project("{9A19103F-16F7-4668-BE54-9A1E7A4F7556}") = "BlazorSignalRApp", "..\..\blazor-samples\8.0\BlazorSignalRApp\BlazorSignalRApp.csproj", "{7A11FAAE-3680-4BD5-84C9-0B5B64D1FF17}"
EndProject
Project("{FAE04EC0-301F-11D3-BF4B-00C04F79EFBC}") = "IntrManApp.WinBridge", "IntrManApp.WinBridge\IntrManApp.WinBridge.csproj", "{C2E7F657-86B5-4337-BC11-DC6B3C335FE3}"
EndProject
Project("{FAE04EC0-301F-11D3-BF4B-00C04F79EFBC}") = "HubClient", "SSHubClient\HubClient.csproj", "{7A248B76-71DB-44B3-86E8-C6A5EBF0050A}"
EndProject
Global
	GlobalSection(SolutionConfigurationPlatforms) = preSolution
		Debug|Any CPU = Debug|Any CPU
		Debug|x64 = Debug|x64
		Debug|x86 = Debug|x86
		Release|Any CPU = Release|Any CPU
		Release|x64 = Release|x64
		Release|x86 = Release|x86
	EndGlobalSection
	GlobalSection(ProjectConfigurationPlatforms) = postSolution
		{EAFE9776-0129-410E-A9EF-4051BC732EE7}.Debug|Any CPU.ActiveCfg = Debug|Any CPU
		{EAFE9776-0129-410E-A9EF-4051BC732EE7}.Debug|Any CPU.Build.0 = Debug|Any CPU
		{EAFE9776-0129-410E-A9EF-4051BC732EE7}.Debug|x64.ActiveCfg = Debug|Any CPU
		{EAFE9776-0129-410E-A9EF-4051BC732EE7}.Debug|x64.Build.0 = Debug|Any CPU
		{EAFE9776-0129-410E-A9EF-4051BC732EE7}.Debug|x86.ActiveCfg = Debug|Any CPU
		{EAFE9776-0129-410E-A9EF-4051BC732EE7}.Debug|x86.Build.0 = Debug|Any CPU
		{EAFE9776-0129-410E-A9EF-4051BC732EE7}.Release|Any CPU.ActiveCfg = Release|Any CPU
		{EAFE9776-0129-410E-A9EF-4051BC732EE7}.Release|Any CPU.Build.0 = Release|Any CPU
		{EAFE9776-0129-410E-A9EF-4051BC732EE7}.Release|x64.ActiveCfg = Release|Any CPU
		{EAFE9776-0129-410E-A9EF-4051BC732EE7}.Release|x64.Build.0 = Release|Any CPU
		{EAFE9776-0129-410E-A9EF-4051BC732EE7}.Release|x86.ActiveCfg = Release|Any CPU
		{EAFE9776-0129-410E-A9EF-4051BC732EE7}.Release|x86.Build.0 = Release|Any CPU
		{23BD8580-599E-4E99-B232-84D83C37CC9A}.Debug|Any CPU.ActiveCfg = Debug|Any CPU
		{23BD8580-599E-4E99-B232-84D83C37CC9A}.Debug|Any CPU.Build.0 = Debug|Any CPU
		{23BD8580-599E-4E99-B232-84D83C37CC9A}.Debug|x64.ActiveCfg = Debug|Any CPU
		{23BD8580-599E-4E99-B232-84D83C37CC9A}.Debug|x64.Build.0 = Debug|Any CPU
		{23BD8580-599E-4E99-B232-84D83C37CC9A}.Debug|x86.ActiveCfg = Debug|Any CPU
		{23BD8580-599E-4E99-B232-84D83C37CC9A}.Debug|x86.Build.0 = Debug|Any CPU
		{23BD8580-599E-4E99-B232-84D83C37CC9A}.Release|Any CPU.ActiveCfg = Release|Any CPU
		{23BD8580-599E-4E99-B232-84D83C37CC9A}.Release|Any CPU.Build.0 = Release|Any CPU
		{23BD8580-599E-4E99-B232-84D83C37CC9A}.Release|x64.ActiveCfg = Release|Any CPU
		{23BD8580-599E-4E99-B232-84D83C37CC9A}.Release|x64.Build.0 = Release|Any CPU
		{23BD8580-599E-4E99-B232-84D83C37CC9A}.Release|x86.ActiveCfg = Release|Any CPU
		{23BD8580-599E-4E99-B232-84D83C37CC9A}.Release|x86.Build.0 = Release|Any CPU
		{6332FF94-FF99-45FE-95C0-E6EC1D0C539B}.Debug|Any CPU.ActiveCfg = Debug|Any CPU
		{6332FF94-FF99-45FE-95C0-E6EC1D0C539B}.Debug|Any CPU.Build.0 = Debug|Any CPU
		{6332FF94-FF99-45FE-95C0-E6EC1D0C539B}.Debug|Any CPU.Deploy.0 = Debug|Any CPU
		{6332FF94-FF99-45FE-95C0-E6EC1D0C539B}.Debug|x64.ActiveCfg = Debug|Any CPU
		{6332FF94-FF99-45FE-95C0-E6EC1D0C539B}.Debug|x64.Build.0 = Debug|Any CPU
		{6332FF94-FF99-45FE-95C0-E6EC1D0C539B}.Debug|x64.Deploy.0 = Debug|Any CPU
		{6332FF94-FF99-45FE-95C0-E6EC1D0C539B}.Debug|x86.ActiveCfg = Debug|Any CPU
		{6332FF94-FF99-45FE-95C0-E6EC1D0C539B}.Debug|x86.Build.0 = Debug|Any CPU
		{6332FF94-FF99-45FE-95C0-E6EC1D0C539B}.Debug|x86.Deploy.0 = Debug|Any CPU
		{6332FF94-FF99-45FE-95C0-E6EC1D0C539B}.Release|Any CPU.ActiveCfg = Release|Any CPU
		{6332FF94-FF99-45FE-95C0-E6EC1D0C539B}.Release|Any CPU.Build.0 = Release|Any CPU
		{6332FF94-FF99-45FE-95C0-E6EC1D0C539B}.Release|Any CPU.Deploy.0 = Release|Any CPU
		{6332FF94-FF99-45FE-95C0-E6EC1D0C539B}.Release|x64.ActiveCfg = Release|Any CPU
		{6332FF94-FF99-45FE-95C0-E6EC1D0C539B}.Release|x64.Build.0 = Release|Any CPU
		{6332FF94-FF99-45FE-95C0-E6EC1D0C539B}.Release|x64.Deploy.0 = Release|Any CPU
		{6332FF94-FF99-45FE-95C0-E6EC1D0C539B}.Release|x86.ActiveCfg = Release|Any CPU
		{6332FF94-FF99-45FE-95C0-E6EC1D0C539B}.Release|x86.Build.0 = Release|Any CPU
		{6332FF94-FF99-45FE-95C0-E6EC1D0C539B}.Release|x86.Deploy.0 = Release|Any CPU
		{7A11FAAE-3680-4BD5-84C9-0B5B64D1FF17}.Debug|Any CPU.ActiveCfg = Debug|Any CPU
		{7A11FAAE-3680-4BD5-84C9-0B5B64D1FF17}.Debug|Any CPU.Build.0 = Debug|Any CPU
		{7A11FAAE-3680-4BD5-84C9-0B5B64D1FF17}.Debug|x64.ActiveCfg = Debug|Any CPU
		{7A11FAAE-3680-4BD5-84C9-0B5B64D1FF17}.Debug|x64.Build.0 = Debug|Any CPU
		{7A11FAAE-3680-4BD5-84C9-0B5B64D1FF17}.Debug|x86.ActiveCfg = Debug|Any CPU
		{7A11FAAE-3680-4BD5-84C9-0B5B64D1FF17}.Debug|x86.Build.0 = Debug|Any CPU
		{7A11FAAE-3680-4BD5-84C9-0B5B64D1FF17}.Release|Any CPU.ActiveCfg = Release|Any CPU
		{7A11FAAE-3680-4BD5-84C9-0B5B64D1FF17}.Release|Any CPU.Build.0 = Release|Any CPU
		{7A11FAAE-3680-4BD5-84C9-0B5B64D1FF17}.Release|x64.ActiveCfg = Release|Any CPU
		{7A11FAAE-3680-4BD5-84C9-0B5B64D1FF17}.Release|x64.Build.0 = Release|Any CPU
		{7A11FAAE-3680-4BD5-84C9-0B5B64D1FF17}.Release|x86.ActiveCfg = Release|Any CPU
		{7A11FAAE-3680-4BD5-84C9-0B5B64D1FF17}.Release|x86.Build.0 = Release|Any CPU
		{C2E7F657-86B5-4337-BC11-DC6B3C335FE3}.Debug|Any CPU.ActiveCfg = Debug|Any CPU
		{C2E7F657-86B5-4337-BC11-DC6B3C335FE3}.Debug|Any CPU.Build.0 = Debug|Any CPU
		{C2E7F657-86B5-4337-BC11-DC6B3C335FE3}.Debug|x64.ActiveCfg = Debug|Any CPU
		{C2E7F657-86B5-4337-BC11-DC6B3C335FE3}.Debug|x64.Build.0 = Debug|Any CPU
		{C2E7F657-86B5-4337-BC11-DC6B3C335FE3}.Debug|x86.ActiveCfg = Debug|Any CPU
		{C2E7F657-86B5-4337-BC11-DC6B3C335FE3}.Debug|x86.Build.0 = Debug|Any CPU
		{C2E7F657-86B5-4337-BC11-DC6B3C335FE3}.Release|Any CPU.ActiveCfg = Release|Any CPU
		{C2E7F657-86B5-4337-BC11-DC6B3C335FE3}.Release|Any CPU.Build.0 = Release|Any CPU
		{C2E7F657-86B5-4337-BC11-DC6B3C335FE3}.Release|x64.ActiveCfg = Release|Any CPU
		{C2E7F657-86B5-4337-BC11-DC6B3C335FE3}.Release|x64.Build.0 = Release|Any CPU
		{C2E7F657-86B5-4337-BC11-DC6B3C335FE3}.Release|x86.ActiveCfg = Release|Any CPU
		{C2E7F657-86B5-4337-BC11-DC6B3C335FE3}.Release|x86.Build.0 = Release|Any CPU
		{7A248B76-71DB-44B3-86E8-C6A5EBF0050A}.Debug|Any CPU.ActiveCfg = Debug|Any CPU
		{7A248B76-71DB-44B3-86E8-C6A5EBF0050A}.Debug|Any CPU.Build.0 = Debug|Any CPU
		{7A248B76-71DB-44B3-86E8-C6A5EBF0050A}.Debug|x64.ActiveCfg = Debug|x64
		{7A248B76-71DB-44B3-86E8-C6A5EBF0050A}.Debug|x64.Build.0 = Debug|x64
		{7A248B76-71DB-44B3-86E8-C6A5EBF0050A}.Debug|x86.ActiveCfg = Debug|x86
		{7A248B76-71DB-44B3-86E8-C6A5EBF0050A}.Debug|x86.Build.0 = Debug|x86
		{7A248B76-71DB-44B3-86E8-C6A5EBF0050A}.Release|Any CPU.ActiveCfg = Release|Any CPU
		{7A248B76-71DB-44B3-86E8-C6A5EBF0050A}.Release|Any CPU.Build.0 = Release|Any CPU
		{7A248B76-71DB-44B3-86E8-C6A5EBF0050A}.Release|x64.ActiveCfg = Release|x64
		{7A248B76-71DB-44B3-86E8-C6A5EBF0050A}.Release|x64.Build.0 = Release|x64
		{7A248B76-71DB-44B3-86E8-C6A5EBF0050A}.Release|x86.ActiveCfg = Release|x86
		{7A248B76-71DB-44B3-86E8-C6A5EBF0050A}.Release|x86.Build.0 = Release|x86
	EndGlobalSection
	GlobalSection(SolutionProperties) = preSolution
		HideSolutionNode = FALSE
	EndGlobalSection
	GlobalSection(NestedProjects) = preSolution
		{EAFE9776-0129-410E-A9EF-4051BC732EE7} = {B3349998-3D7F-4F34-AF68-41E945B17220}
		{23BD8580-599E-4E99-B232-84D83C37CC9A} = {B3349998-3D7F-4F34-AF68-41E945B17220}
		{6332FF94-FF99-45FE-95C0-E6EC1D0C539B} = {B3349998-3D7F-4F34-AF68-41E945B17220}
		{7A11FAAE-3680-4BD5-84C9-0B5B64D1FF17} = {B3349998-3D7F-4F34-AF68-41E945B17220}
		{C2E7F657-86B5-4337-BC11-DC6B3C335FE3} = {B3349998-3D7F-4F34-AF68-41E945B17220}
		{7A248B76-71DB-44B3-86E8-C6A5EBF0050A} = {B3349998-3D7F-4F34-AF68-41E945B17220}
	EndGlobalSection
	GlobalSection(ExtensibilityGlobals) = postSolution
		SolutionGuid = {CE7CD8E8-2982-4F24-AFFC-06594A7B32B7}
	EndGlobalSection
EndGlobal
